
Microsoft Visual Studio Solution File, Format Version 12.00
# Visual Studio Version 17
VisualStudioVersion = 17.8.34212.112
MinimumVisualStudioVersion = 10.0.40219.1
Project("{FAE04EC0-301F-11D3-BF4B-00C04F79EFBC}") = "AdminTerminal", "AdminTerminal\AdminTerminal.csproj", "{4554E709-93AE-4893-8A55-78CB8C93092B}"
EndProject
Global
	GlobalSection(SolutionConfigurationPlatforms) = preSolution
		Debug|Any CPU = Debug|Any CPU
		Release|Any CPU = Release|Any CPU
	EndGlobalSection
	GlobalSection(ProjectConfigurationPlatforms) = postSolution
		{4554E709-93AE-4893-8A55-78CB8C93092B}.Debug|Any CPU.ActiveCfg = Debug|Any CPU
		{4554E709-93AE-4893-8A55-78CB8C93092B}.Debug|Any CPU.Build.0 = Debug|Any CPU
		{4554E709-93AE-4893-8A55-78CB8C93092B}.Release|Any CPU.ActiveCfg = Release|Any CPU
		{4554E709-93AE-4893-8A55-78CB8C93092B}.Release|Any CPU.Build.0 = Release|Any CPU
	EndGlobalSection
	GlobalSection(SolutionProperties) = preSolution
		HideSolutionNode = FALSE
	EndGlobalSection
	GlobalSection(ExtensibilityGlobals) = postSolution
		SolutionGuid = {BEA3CEAA-E664-4060-95B9-843379F9066E}
	EndGlobalSection
EndGlobal
